PODS:
  - MTORefresher (1.0.0):
    - MTORefresher/Core (= 1.0.0)
  - MTORefresher/BasicComponent (1.0.0):
    - MTORefresher/Core
  - MTORefresher/Core (1.0.0)

DEPENDENCIES:
  - MTORefresher (from `.`)
  - MTORefresher/BasicComponent (from `.`)

EXTERNAL SOURCES:
  MTORefresher:
    :path: "."

SPEC CHECKSUMS:
  MTORefresher: c1bea38c2b2020f9a92eea7109df22ccd262fbcc

COCOAPODS: 0.39.0
