// !$*UTF8*$!
{
	archiveVersion = 1;
	classes = {
	};
	objectVersion = 46;
	objects = {

/* Begin PBXBuildFile section */
		35A0EF4564C2BD19A4582B88 /* Pods_MTORefresherDemo.framework in Frameworks */ = {isa = PBXBuildFile; fileRef = C2FEDACDC4844C3F4D01F931 /* Pods_MTORefresherDemo.framework */; };
		96586AC81D267ABC0092515B /* AppDelegate.swift in Sources */ = {isa = PBXBuildFile; fileRef = 96586AC71D267ABC0092515B /* AppDelegate.swift */; };
		96586ACA1D267ABC0092515B /* ViewController.swift in Sources */ = {isa = PBXBuildFile; fileRef = 96586AC91D267ABC0092515B /* ViewController.swift */; };
		96586ACD1D267ABC0092515B /* Main.storyboard in Resources */ = {isa = PBXBuildFile; fileRef = 96586ACB1D267ABC0092515B /* Main.storyboard */; };
		96586ACF1D267ABC0092515B /* Assets.xcassets in Resources */ = {isa = PBXBuildFile; fileRef = 96586ACE1D267ABC0092515B /* Assets.xcassets */; };
		96586AD21D267ABC0092515B /* LaunchScreen.storyboard in Resources */ = {isa = PBXBuildFile; fileRef = 96586AD01D267ABC0092515B /* LaunchScreen.storyboard */; };
/* End PBXBuildFile section */

/* Begin PBXFileReference section */
		3DBBF1C62D7DE7295EC2D5FB /* Pods-MTORefresherDemo.release.xcconfig */ = {isa = PBXFileReference; includeInIndex = 1; lastKnownFileType = text.xcconfig; name = "Pods-MTORefresherDemo.release.xcconfig"; path = "Pods/Target Support Files/Pods-MTORefresherDemo/Pods-MTORefresherDemo.release.xcconfig"; sourceTree = "<group>"; };
		855F6CCD49827EA11589CEA9 /* Pods-MTORefresherDemo.debug.xcconfig */ = {isa = PBXFileReference; includeInIndex = 1; lastKnownFileType = text.xcconfig; name = "Pods-MTORefresherDemo.debug.xcconfig"; path = "Pods/Target Support Files/Pods-MTORefresherDemo/Pods-MTORefresherDemo.debug.xcconfig"; sourceTree = "<group>"; };
		96586AC41D267ABC0092515B /* MTORefresherDemo.app */ = {isa = PBXFileReference; explicitFileType = wrapper.application; includeInIndex = 0; path = MTORefresherDemo.app; sourceTree = BUILT_PRODUCTS_DIR; };
		96586AC71D267ABC0092515B /* AppDelegate.swift */ = {isa = PBXFileReference; lastKnownFileType = sourcecode.swift; path = AppDelegate.swift; sourceTree = "<group>"; };
		96586AC91D267ABC0092515B /* ViewController.swift */ = {isa = PBXFileReference; lastKnownFileType = sourcecode.swift; path = ViewController.swift; sourceTree = "<group>"; };
		96586ACC1D267ABC0092515B /* Base */ = {isa = PBXFileReference; lastKnownFileType = file.storyboard; name = Base; path = Base.lproj/Main.storyboard; sourceTree = "<group>"; };
		96586ACE1D267ABC0092515B /* Assets.xcassets */ = {isa = PBXFileReference; lastKnownFileType = folder.assetcatalog; path = Assets.xcassets; sourceTree = "<group>"; };
		96586AD11D267ABC0092515B /* Base */ = {isa = PBXFileReference; lastKnownFileType = file.storyboard; name = Base; path = Base.lproj/LaunchScreen.storyboard; sourceTree = "<group>"; };
		96586AD31D267ABC0092515B /* Info.plist */ = {isa = PBXFileReference; lastKnownFileType = text.plist.xml; path = Info.plist; sourceTree = "<group>"; };
		C2FEDACDC4844C3F4D01F931 /* Pods_MTORefresherDemo.framework */ = {isa = PBXFileReference; explicitFileType = wrapper.framework; includeInIndex = 0; path = Pods_MTORefresherDemo.framework; sourceTree = BUILT_PRODUCTS_DIR; };
/* End PBXFileReference section */

/* Begin PBXFrameworksBuildPhase section */
		96586AC11D267ABC0092515B /* Frameworks */ = {
			isa = PBXFrameworksBuildPhase;
			buildActionMask = 2147483647;
			files = (
				35A0EF4564C2BD19A4582B88 /* Pods_MTORefresherDemo.framework in Frameworks */,
			);
			runOnlyForDeploymentPostprocessing = 0;
		};
/* End PBXFrameworksBuildPhase section */

/* Begin PBXGroup section */
		5869B9554B9DD57EF7A73124 /* Frameworks */ = {
			isa = PBXGroup;
			children = (
				C2FEDACDC4844C3F4D01F931 /* Pods_MTORefresherDemo.framework */,
			);
			name = Frameworks;
			sourceTree = "<group>";
		};
		96586ABB1D267ABC0092515B = {
			isa = PBXGroup;
			children = (
				96586AC61D267ABC0092515B /* MTORefresherDemo */,
				96586AC51D267ABC0092515B /* Products */,
				AC8E0139C531C88A532E167A /* Pods */,
				5869B9554B9DD57EF7A73124 /* Frameworks */,
			);
			sourceTree = "<group>";
		};
		96586AC51D267ABC0092515B /* Products */ = {
			isa = PBXGroup;
			children = (
				96586AC41D267ABC0092515B /* MTORefresherDemo.app */,
			);
			name = Products;
			sourceTree = "<group>";
		};
		96586AC61D267ABC0092515B /* MTORefresherDemo */ = {
			isa = PBXGroup;
			children = (
				96586AC71D267ABC0092515B /* AppDelegate.swift */,
				96586AC91D267ABC0092515B /* ViewController.swift */,
				96586ACB1D267ABC0092515B /* Main.storyboard */,
				96586ACE1D267ABC0092515B /* Assets.xcassets */,
				96586AD01D267ABC0092515B /* LaunchScreen.storyboard */,
				96586AD31D267ABC0092515B /* Info.plist */,
			);
			path = MTORefresherDemo;
			sourceTree = "<group>";
		};
		AC8E0139C531C88A532E167A /* Pods */ = {
			isa = PBXGroup;
			children = (
				855F6CCD49827EA11589CEA9 /* Pods-MTORefresherDemo.debug.xcconfig */,
				3DBBF1C62D7DE7295EC2D5FB /* Pods-MTORefresherDemo.release.xcconfig */,
			);
			name = Pods;
			sourceTree = "<group>";
		};
/* End PBXGroup section */

/* Begin PBXNativeTarget section */
		96586AC31D267ABC0092515B /* MTORefresherDemo */ = {
			isa = PBXNativeTarget;
			buildConfigurationList = 96586AD61D267ABC0092515B /* Build configuration list for PBXNativeTarget "MTORefresherDemo" */;
			buildPhases = (
				6A9D09E883E1FE38E5AD7351 /* [CP] Check Pods Manifest.lock */,
				96586AC01D267ABC0092515B /* Sources */,
				96586AC11D267ABC0092515B /* Frameworks */,
				96586AC21D267ABC0092515B /* Resources */,
				A9E30851A9FA8D1235184D26 /* [CP] Embed Pods Frameworks */,
				385F9933C543849C13C3FCB9 /* [CP] Copy Pods Resources */,
			);
			buildRules = (
			);
			dependencies = (
			);
			name = MTORefresherDemo;
			productName = MTORefresherDemo;
			productReference = 96586AC41D267ABC0092515B /* MTORefresherDemo.app */;
			productType = "com.apple.product-type.application";
		};
/* End PBXNativeTarget section */

/* Begin PBXProject section */
		96586ABC1D267ABC0092515B /* Project object */ = {
			isa = PBXProject;
			attributes = {
				LastSwiftUpdateCheck = 0730;
				LastUpgradeCheck = 0730;
				ORGANIZATIONNAME = mtoteam;
				TargetAttributes = {
					96586AC31D267ABC0092515B = {
						CreatedOnToolsVersion = 7.3.1;
						LastSwiftMigration = 0800;
					};
				};
			};
			buildConfigurationList = 96586ABF1D267ABC0092515B /* Build configuration list for PBXProject "MTORefresherDemo" */;
			compatibilityVersion = "Xcode 3.2";
			developmentRegion = English;
			hasScannedForEncodings = 0;
			knownRegions = (
				en,
				Base,
			);
			mainGroup = 96586ABB1D267ABC0092515B;
			productRefGroup = 96586AC51D267ABC0092515B /* Products */;
			projectDirPath = "";
			projectRoot = "";
			targets = (
				96586AC31D267ABC0092515B /* MTORefresherDemo */,
			);
		};
/* End PBXProject section */

/* Begin PBXResourcesBuildPhase section */
		96586AC21D267ABC0092515B /* Resources */ = {
			isa = PBXResourcesBuildPhase;
			buildActionMask = 2147483647;
			files = (
				96586AD21D267ABC0092515B /* LaunchScreen.storyboard in Resources */,
				96586ACF1D267ABC0092515B /* Assets.xcassets in Resources */,
				96586ACD1D267ABC0092515B /* Main.storyboard in Resources */,
			);
			runOnlyForDeploymentPostprocessing = 0;
		};
/* End PBXResourcesBuildPhase section */

/* Begin PBXShellScriptBuildPhase section */
		385F9933C543849C13C3FCB9 /* [CP] Copy Pods Resources */ = {
			isa = PBXShellScriptBuildPhase;
			buildActionMask = 2147483647;
			files = (
			);
			inputPaths = (
			);
			name = "[CP] Copy Pods Resources";
			outputPaths = (
			);
			runOnlyForDeploymentPostprocessing = 0;
			shellPath = /bin/sh;
			shellScript = "\"${SRCROOT}/Pods/Target Support Files/Pods-MTORefresherDemo/Pods-MTORefresherDemo-resources.sh\"\n";
			showEnvVarsInLog = 0;
		};
		6A9D09E883E1FE38E5AD7351 /* [CP] Check Pods Manifest.lock */ = {
			isa = PBXShellScriptBuildPhase;
			buildActionMask = 2147483647;
			files = (
			);
			inputPaths = (
			);
			name = "[CP] Check Pods Manifest.lock";
			outputPaths = (
			);
			runOnlyForDeploymentPostprocessing = 0;
			shellPath = /bin/sh;
			shellScript = "diff \"${PODS_ROOT}/../Podfile.lock\" \"${PODS_ROOT}/Manifest.lock\" > /dev/null\nif [ $? != 0 ] ; then\n    # print error to STDERR\n    echo \"error: The sandbox is not in sync with the Podfile.lock. Run 'pod install' or update your CocoaPods installation.\" >&2\n    exit 1\nfi\n";
			showEnvVarsInLog = 0;
		};
		A9E30851A9FA8D1235184D26 /* [CP] Embed Pods Frameworks */ = {
			isa = PBXShellScriptBuildPhase;
			buildActionMask = 2147483647;
			files = (
			);
			inputPaths = (
			);
			name = "[CP] Embed Pods Frameworks";
			outputPaths = (
			);
			runOnlyForDeploymentPostprocessing = 0;
			shellPath = /bin/sh;
			shellScript = "\"${SRCROOT}/Pods/Target Support Files/Pods-MTORefresherDemo/Pods-MTORefresherDemo-frameworks.sh\"\n";
			showEnvVarsInLog = 0;
		};
/* End PBXShellScriptBuildPhase section */

/* Begin PBXSourcesBuildPhase section */
		96586AC01D267ABC0092515B /* Sources */ = {
			isa = PBXSourcesBuildPhase;
			buildActionMask = 2147483647;
			files = (
				96586ACA1D267ABC0092515B /* ViewController.swift in Sources */,
				96586AC81D267ABC0092515B /* AppDelegate.swift in Sources */,
			);
			runOnlyForDeploymentPostprocessing = 0;
		};
/* End PBXSourcesBuildPhase section */

/* Begin PBXVariantGroup section */
		96586ACB1D267ABC0092515B /* Main.storyboard */ = {
			isa = PBXVariantGroup;
			children = (
				96586ACC1D267ABC0092515B /* Base */,
			);
			name = Main.storyboard;
			sourceTree = "<group>";
		};
		96586AD01D267ABC0092515B /* LaunchScreen.storyboard */ = {
			isa = PBXVariantGroup;
			children = (
				96586AD11D267ABC0092515B /* Base */,
			);
			name = LaunchScreen.storyboard;
			sourceTree = "<group>";
		};
/* End PBXVariantGroup section */

/* Begin XCBuildConfiguration section */
		96586AD41D267ABC0092515B /* Debug */ = {
			isa = XCBuildConfiguration;
			buildSettings = {
				ALWAYS_SEARCH_USER_PATHS = NO;
				CLANG_ANALYZER_NONNULL = YES;
				CLANG_CXX_LANGUAGE_STANDARD = "gnu++0x";
				CLANG_CXX_LIBRARY = "libc++";
				CLANG_ENABLE_MODULES = YES;
				CLANG_ENABLE_OBJC_ARC = YES;
				CLANG_WARN_BOOL_CONVERSION = YES;
				CLANG_WARN_CONSTANT_CONVERSION = YES;
				CLANG_WARN_DIRECT_OBJC_ISA_USAGE = YES_ERROR;
				CLANG_WARN_EMPTY_BODY = YES;
				CLANG_WARN_ENUM_CONVERSION = YES;
				CLANG_WARN_INT_CONVERSION = YES;
				CLANG_WARN_OBJC_ROOT_CLASS = YES_ERROR;
				CLANG_WARN_UNREACHABLE_CODE = YES;
				CLANG_WARN__DUPLICATE_METHOD_MATCH = YES;
				"CODE_SIGN_IDENTITY[sdk=iphoneos*]" = "iPhone Developer";
				COPY_PHASE_STRIP = NO;
				DEBUG_INFORMATION_FORMAT = dwarf;
				ENABLE_STRICT_OBJC_MSGSEND = YES;
				ENABLE_TESTABILITY = YES;
				GCC_C_LANGUAGE_STANDARD = gnu99;
				GCC_DYNAMIC_NO_PIC = NO;
				GCC_NO_COMMON_BLOCKS = YES;
				GCC_OPTIMIZATION_LEVEL = 0;
				GCC_PREPROCESSOR_DEFINITIONS = (
					"DEBUG=1",
					"$(inherited)",
				);
				GCC_WARN_64_TO_32_BIT_CONVERSION = YES;
				GCC_WARN_ABOUT_RETURN_TYPE = YES_ERROR;
				GCC_WARN_UNDECLARED_SELECTOR = YES;
				GCC_WARN_UNINITIALIZED_AUTOS = YES_AGGRESSIVE;
				GCC_WARN_UNUSED_FUNCTION = YES;
				GCC_WARN_UNUSED_VARIABLE = YES;
				IPHONEOS_DEPLOYMENT_TARGET = 9.3;
				MTL_ENABLE_DEBUG_INFO = YES;
				ONLY_ACTIVE_ARCH = YES;
				SDKROOT = iphoneos;
				SWIFT_OPTIMIZATION_LEVEL = "-Onone";
				TARGETED_DEVICE_FAMILY = "1,2";
			};
			name = Debug;
		};
		96586AD51D267ABC0092515B /* Release */ = {
			isa = XCBuildConfiguration;
			buildSettings = {
				ALWAYS_SEARCH_USER_PATHS = NO;
				CLANG_ANALYZER_NONNULL = YES;
				CLANG_CXX_LANGUAGE_STANDARD = "gnu++0x";
				CLANG_CXX_LIBRARY = "libc++";
				CLANG_ENABLE_MODULES = YES;
				CLANG_ENABLE_OBJC_ARC = YES;
				CLANG_WARN_BOOL_CONVERSION = YES;
				CLANG_WARN_CONSTANT_CONVERSION = YES;
				CLANG_WARN_DIRECT_OBJC_ISA_USAGE = YES_ERROR;
				CLANG_WARN_EMPTY_BODY = YES;
				CLANG_WARN_ENUM_CONVERSION = YES;
				CLANG_WARN_INT_CONVERSION = YES;
				CLANG_WARN_OBJC_ROOT_CLASS = YES_ERROR;
				CLANG_WARN_UNREACHABLE_CODE = YES;
				CLANG_WARN__DUPLICATE_METHOD_MATCH = YES;
				"CODE_SIGN_IDENTITY[sdk=iphoneos*]" = "iPhone Developer";
				COPY_PHASE_STRIP = NO;
				DEBUG_INFORMATION_FORMAT = "dwarf-with-dsym";
				ENABLE_NS_ASSERTIONS = NO;
				ENABLE_STRICT_OBJC_MSGSEND = YES;
				GCC_C_LANGUAGE_STANDARD = gnu99;
				GCC_NO_COMMON_BLOCKS = YES;
				GCC_WARN_64_TO_32_BIT_CONVERSION = YES;
				GCC_WARN_ABOUT_RETURN_TYPE = YES_ERROR;
				GCC_WARN_UNDECLARED_SELECTOR = YES;
				GCC_WARN_UNINITIALIZED_AUTOS = YES_AGGRESSIVE;
				GCC_WARN_UNUSED_FUNCTION = YES;
				GCC_WARN_UNUSED_VARIABLE = YES;
				IPHONEOS_DEPLOYMENT_TARGET = 9.3;
				MTL_ENABLE_DEBUG_INFO = NO;
				SDKROOT = iphoneos;
				TARGETED_DEVICE_FAMILY = "1,2";
				VALIDATE_PRODUCT = YES;
			};
			name = Release;
		};
		96586AD71D267ABC0092515B /* Debug */ = {
			isa = XCBuildConfiguration;
			baseConfigurationReference = 855F6CCD49827EA11589CEA9 /* Pods-MTORefresherDemo.debug.xcconfig */;
			buildSettings = {
				ASSETCATALOG_COMPILER_APPICON_NAME = AppIcon;
				INFOPLIST_FILE = MTORefresherDemo/Info.plist;
				LD_RUNPATH_SEARCH_PATHS = "$(inherited) @executable_path/Frameworks";
				OTHER_SWIFT_FLAGS = "$(inherited)";
				PRODUCT_BUNDLE_IDENTIFIER = com.mtoteam.MTORefresherDemo;
				PRODUCT_NAME = "$(TARGET_NAME)";
				SWIFT_VERSION = 3.0;
			};
			name = Debug;
		};
		96586AD81D267ABC0092515B /* Release */ = {
			isa = XCBuildConfiguration;
			baseConfigurationReference = 3DBBF1C62D7DE7295EC2D5FB /* Pods-MTORefresherDemo.release.xcconfig */;
			buildSettings = {
				ASSETCATALOG_COMPILER_APPICON_NAME = AppIcon;
				INFOPLIST_FILE = MTORefresherDemo/Info.plist;
				LD_RUNPATH_SEARCH_PATHS = "$(inherited) @executable_path/Frameworks";
				OTHER_SWIFT_FLAGS = "$(inherited)";
				PRODUCT_BUNDLE_IDENTIFIER = com.mtoteam.MTORefresherDemo;
				PRODUCT_NAME = "$(TARGET_NAME)";
				SWIFT_VERSION = 3.0;
			};
			name = Release;
		};
/* End XCBuildConfiguration section */

/* Begin XCConfigurationList section */
		96586ABF1D267ABC0092515B /* Build configuration list for PBXProject "MTORefresherDemo" */ = {
			isa = XCConfigurationList;
			buildConfigurations = (
				96586AD41D267ABC0092515B /* Debug */,
				96586AD51D267ABC0092515B /* Release */,
			);
			defaultConfigurationIsVisible = 0;
			defaultConfigurationName = Release;
		};
		96586AD61D267ABC0092515B /* Build configuration list for PBXNativeTarget "MTORefresherDemo" */ = {
			isa = XCConfigurationList;
			buildConfigurations = (
				96586AD71D267ABC0092515B /* Debug */,
				96586AD81D267ABC0092515B /* Release */,
			);
			defaultConfigurationIsVisible = 0;
			defaultConfigurationName = Release;
		};
/* End XCConfigurationList section */
	};
	rootObject = 96586ABC1D267ABC0092515B /* Project object */;
}
